// !$*UTF8*$!
{
	archiveVersion = 1;
	classes = {
	};
	objectVersion = 55;
	objects = {

/* Begin PBXBuildFile section */
		C54BE4B12894866C0060A066 /* HippocampusApp.swift in Sources */ = {isa = PBXBuildFile; fileRef = C54BE4A12894866A0060A066 /* HippocampusApp.swift */; };
		C54BE4B22894866C0060A066 /* HippocampusApp.swift in Sources */ = {isa = PBXBuildFile; fileRef = C54BE4A12894866A0060A066 /* HippocampusApp.swift */; };
		C54BE4B32894866C0060A066 /* ContentView.swift in Sources */ = {isa = PBXBuildFile; fileRef = C54BE4A22894866A0060A066 /* ContentView.swift */; };
		C54BE4B42894866C0060A066 /* ContentView.swift in Sources */ = {isa = PBXBuildFile; fileRef = C54BE4A22894866A0060A066 /* ContentView.swift */; };
		C54BE4B52894866C0060A066 /* Assets.xcassets in Resources */ = {isa = PBXBuildFile; fileRef = C54BE4A32894866C0060A066 /* Assets.xcassets */; };
		C54BE4B62894866C0060A066 /* Assets.xcassets in Resources */ = {isa = PBXBuildFile; fileRef = C54BE4A32894866C0060A066 /* Assets.xcassets */; };
		C54BE4C928958F820060A066 /* Transformable.swift in Sources */ = {isa = PBXBuildFile; fileRef = C54BE4C128958F820060A066 /* Transformable.swift */; };
		C54BE4CA28958F820060A066 /* Transformable.swift in Sources */ = {isa = PBXBuildFile; fileRef = C54BE4C128958F820060A066 /* Transformable.swift */; };
		C54BE4CB28958F820060A066 /* Serialized.swift in Sources */ = {isa = PBXBuildFile; fileRef = C54BE4C228958F820060A066 /* Serialized.swift */; };
		C54BE4CC28958F820060A066 /* Serialized.swift in Sources */ = {isa = PBXBuildFile; fileRef = C54BE4C228958F820060A066 /* Serialized.swift */; };
		C54BE4CD28958F820060A066 /* DecodableProperty.swift in Sources */ = {isa = PBXBuildFile; fileRef = C54BE4C328958F820060A066 /* DecodableProperty.swift */; };
		C54BE4CE28958F820060A066 /* DecodableProperty.swift in Sources */ = {isa = PBXBuildFile; fileRef = C54BE4C328958F820060A066 /* DecodableProperty.swift */; };
		C54BE4CF28958F820060A066 /* SerializableDecodable.swift in Sources */ = {isa = PBXBuildFile; fileRef = C54BE4C428958F820060A066 /* SerializableDecodable.swift */; };
		C54BE4D028958F820060A066 /* SerializableDecodable.swift in Sources */ = {isa = PBXBuildFile; fileRef = C54BE4C428958F820060A066 /* SerializableDecodable.swift */; };
		C54BE4D128958F820060A066 /* SerializedCodingKeys.swift in Sources */ = {isa = PBXBuildFile; fileRef = C54BE4C528958F820060A066 /* SerializedCodingKeys.swift */; };
		C54BE4D228958F820060A066 /* SerializedCodingKeys.swift in Sources */ = {isa = PBXBuildFile; fileRef = C54BE4C528958F820060A066 /* SerializedCodingKeys.swift */; };
		C54BE4D328958F820060A066 /* EncodableProperty.swift in Sources */ = {isa = PBXBuildFile; fileRef = C54BE4C628958F820060A066 /* EncodableProperty.swift */; };
		C54BE4D428958F820060A066 /* EncodableProperty.swift in Sources */ = {isa = PBXBuildFile; fileRef = C54BE4C628958F820060A066 /* EncodableProperty.swift */; };
		C54BE4D528958F820060A066 /* SerializableEncodable.swift in Sources */ = {isa = PBXBuildFile; fileRef = C54BE4C728958F820060A066 /* SerializableEncodable.swift */; };
		C54BE4D628958F820060A066 /* SerializableEncodable.swift in Sources */ = {isa = PBXBuildFile; fileRef = C54BE4C728958F820060A066 /* SerializableEncodable.swift */; };
		C54BE4D728958F820060A066 /* SerializedTransformable.swift in Sources */ = {isa = PBXBuildFile; fileRef = C54BE4C828958F820060A066 /* SerializedTransformable.swift */; };
		C54BE4D828958F820060A066 /* SerializedTransformable.swift in Sources */ = {isa = PBXBuildFile; fileRef = C54BE4C828958F820060A066 /* SerializedTransformable.swift */; };
		C54BE4DF28958F910060A066 /* Primitive.swift in Sources */ = {isa = PBXBuildFile; fileRef = C54BE4DA28958F910060A066 /* Primitive.swift */; };
		C54BE4E028958F910060A066 /* Primitive.swift in Sources */ = {isa = PBXBuildFile; fileRef = C54BE4DA28958F910060A066 /* Primitive.swift */; };
		C54BE4E128958F910060A066 /* CycleBreaker.swift in Sources */ = {isa = PBXBuildFile; fileRef = C54BE4DB28958F910060A066 /* CycleBreaker.swift */; };
		C54BE4E228958F910060A066 /* CycleBreaker.swift in Sources */ = {isa = PBXBuildFile; fileRef = C54BE4DB28958F910060A066 /* CycleBreaker.swift */; };
		C54BE4E328958F910060A066 /* Box.swift in Sources */ = {isa = PBXBuildFile; fileRef = C54BE4DC28958F910060A066 /* Box.swift */; };
		C54BE4E428958F910060A066 /* Box.swift in Sources */ = {isa = PBXBuildFile; fileRef = C54BE4DC28958F910060A066 /* Box.swift */; };
		C54BE4E528958F910060A066 /* CyclicEncoder.swift in Sources */ = {isa = PBXBuildFile; fileRef = C54BE4DD28958F910060A066 /* CyclicEncoder.swift */; };
		C54BE4E628958F910060A066 /* CyclicEncoder.swift in Sources */ = {isa = PBXBuildFile; fileRef = C54BE4DD28958F910060A066 /* CyclicEncoder.swift */; };
		C54BE4E728958F910060A066 /* CyclicDecoder.swift in Sources */ = {isa = PBXBuildFile; fileRef = C54BE4DE28958F910060A066 /* CyclicDecoder.swift */; };
		C54BE4E828958F910060A066 /* CyclicDecoder.swift in Sources */ = {isa = PBXBuildFile; fileRef = C54BE4DE28958F910060A066 /* CyclicDecoder.swift */; };
		C54BE4EC28958FC70060A066 /* PersistentData.swift in Sources */ = {isa = PBXBuildFile; fileRef = C54BE4EB28958FC70060A066 /* PersistentData.swift */; };
		C54BE4ED28958FC70060A066 /* PersistentData.swift in Sources */ = {isa = PBXBuildFile; fileRef = C54BE4EB28958FC70060A066 /* PersistentData.swift */; };
		C54BE4F1289591320060A066 /* ObservedChangeReceiver.swift in Sources */ = {isa = PBXBuildFile; fileRef = C54BE4EF289591320060A066 /* ObservedChangeReceiver.swift */; };
		C54BE4F2289591320060A066 /* ObservedChangeReceiver.swift in Sources */ = {isa = PBXBuildFile; fileRef = C54BE4EF289591320060A066 /* ObservedChangeReceiver.swift */; };
		C54BE4F3289591320060A066 /* Observed.swift in Sources */ = {isa = PBXBuildFile; fileRef = C54BE4F0289591320060A066 /* Observed.swift */; };
		C54BE4F4289591320060A066 /* Observed.swift in Sources */ = {isa = PBXBuildFile; fileRef = C54BE4F0289591320060A066 /* Observed.swift */; };
		C54BE4FB289591440060A066 /* CGRect+Functions.swift in Sources */ = {isa = PBXBuildFile; fileRef = C54BE4F6289591440060A066 /* CGRect+Functions.swift */; };
		C54BE4FC289591440060A066 /* CGRect+Functions.swift in Sources */ = {isa = PBXBuildFile; fileRef = C54BE4F6289591440060A066 /* CGRect+Functions.swift */; };
		C54BE4FD289591440060A066 /* View+offset.swift in Sources */ = {isa = PBXBuildFile; fileRef = C54BE4F7289591440060A066 /* View+offset.swift */; };
		C54BE4FE289591440060A066 /* View+offset.swift in Sources */ = {isa = PBXBuildFile; fileRef = C54BE4F7289591440060A066 /* View+offset.swift */; };
		C54BE4FF289591440060A066 /* CGPoint+Operators.swift in Sources */ = {isa = PBXBuildFile; fileRef = C54BE4F8289591440060A066 /* CGPoint+Operators.swift */; };
		C54BE500289591440060A066 /* CGPoint+Operators.swift in Sources */ = {isa = PBXBuildFile; fileRef = C54BE4F8289591440060A066 /* CGPoint+Operators.swift */; };
		C54BE501289591440060A066 /* CGSize+Operators.swift in Sources */ = {isa = PBXBuildFile; fileRef = C54BE4F9289591440060A066 /* CGSize+Operators.swift */; };
		C54BE502289591440060A066 /* CGSize+Operators.swift in Sources */ = {isa = PBXBuildFile; fileRef = C54BE4F9289591440060A066 /* CGSize+Operators.swift */; };
		C54BE503289591440060A066 /* CGFloat+Operators.swift in Sources */ = {isa = PBXBuildFile; fileRef = C54BE4FA289591440060A066 /* CGFloat+Operators.swift */; };
		C54BE504289591440060A066 /* CGFloat+Operators.swift in Sources */ = {isa = PBXBuildFile; fileRef = C54BE4FA289591440060A066 /* CGFloat+Operators.swift */; };
		C54BE508289591530060A066 /* Set+asArray.swift in Sources */ = {isa = PBXBuildFile; fileRef = C54BE506289591530060A066 /* Set+asArray.swift */; };
		C54BE509289591530060A066 /* Set+asArray.swift in Sources */ = {isa = PBXBuildFile; fileRef = C54BE506289591530060A066 /* Set+asArray.swift */; };
		C54BE50A289591530060A066 /* Array+asSet.swift in Sources */ = {isa = PBXBuildFile; fileRef = C54BE507289591530060A066 /* Array+asSet.swift */; };
		C54BE50B289591530060A066 /* Array+asSet.swift in Sources */ = {isa = PBXBuildFile; fileRef = C54BE507289591530060A066 /* Array+asSet.swift */; };
		C54BE50E289591700060A066 /* MeasureSizeModifier.swift in Sources */ = {isa = PBXBuildFile; fileRef = C54BE50D289591700060A066 /* MeasureSizeModifier.swift */; };
		C54BE50F289591700060A066 /* MeasureSizeModifier.swift in Sources */ = {isa = PBXBuildFile; fileRef = C54BE50D289591700060A066 /* MeasureSizeModifier.swift */; };
		C54BE514289591840060A066 /* InjectedPropertyWrapper.swift in Sources */ = {isa = PBXBuildFile; fileRef = C54BE511289591840060A066 /* InjectedPropertyWrapper.swift */; };
		C54BE515289591840060A066 /* InjectedPropertyWrapper.swift in Sources */ = {isa = PBXBuildFile; fileRef = C54BE511289591840060A066 /* InjectedPropertyWrapper.swift */; };
		C54BE516289591840060A066 /* InjectionKey.swift in Sources */ = {isa = PBXBuildFile; fileRef = C54BE512289591840060A066 /* InjectionKey.swift */; };
		C54BE517289591840060A066 /* InjectionKey.swift in Sources */ = {isa = PBXBuildFile; fileRef = C54BE512289591840060A066 /* InjectionKey.swift */; };
		C54BE518289591840060A066 /* Injector.swift in Sources */ = {isa = PBXBuildFile; fileRef = C54BE513289591840060A066 /* Injector.swift */; };
		C54BE519289591840060A066 /* Injector.swift in Sources */ = {isa = PBXBuildFile; fileRef = C54BE513289591840060A066 /* Injector.swift */; };
		C54BE53C289591950060A066 /* NSPredicate+operators.swift in Sources */ = {isa = PBXBuildFile; fileRef = C54BE527289591950060A066 /* NSPredicate+operators.swift */; };
		C54BE53D289591950060A066 /* NSPredicate+operators.swift in Sources */ = {isa = PBXBuildFile; fileRef = C54BE527289591950060A066 /* NSPredicate+operators.swift */; };
		C54BE5402895C46C0060A066 /* Brain.swift in Sources */ = {isa = PBXBuildFile; fileRef = C54BE53F2895C46C0060A066 /* Brain.swift */; };
		C54BE5412895C46C0060A066 /* Brain.swift in Sources */ = {isa = PBXBuildFile; fileRef = C54BE53F2895C46C0060A066 /* Brain.swift */; };
		C54BE5432895DB180060A066 /* Brain.Synapse.swift in Sources */ = {isa = PBXBuildFile; fileRef = C54BE5422895DB180060A066 /* Brain.Synapse.swift */; };
		C54BE5442895DB180060A066 /* Brain.Synapse.swift in Sources */ = {isa = PBXBuildFile; fileRef = C54BE5422895DB180060A066 /* Brain.Synapse.swift */; };
		C54BE5462895DB3C0060A066 /* Brain.Neuron.swift in Sources */ = {isa = PBXBuildFile; fileRef = C54BE5452895DB3B0060A066 /* Brain.Neuron.swift */; };
		C54BE5472895DB3C0060A066 /* Brain.Neuron.swift in Sources */ = {isa = PBXBuildFile; fileRef = C54BE5452895DB3B0060A066 /* Brain.Neuron.swift */; };
		C54BE54A2895DCEA0060A066 /* Consciousness.Memory.swift in Sources */ = {isa = PBXBuildFile; fileRef = C54BE5492895DCEA0060A066 /* Consciousness.Memory.swift */; };
		C54BE54B2895DCEA0060A066 /* Consciousness.Memory.swift in Sources */ = {isa = PBXBuildFile; fileRef = C54BE5492895DCEA0060A066 /* Consciousness.Memory.swift */; };
		C54BE54D289602980060A066 /* Consciousness.swift in Sources */ = {isa = PBXBuildFile; fileRef = C54BE54C289602980060A066 /* Consciousness.swift */; };
		C54BE54E289602980060A066 /* Consciousness.swift in Sources */ = {isa = PBXBuildFile; fileRef = C54BE54C289602980060A066 /* Consciousness.swift */; };
		C54BE55128960EF10060A066 /* SelectMemoryView.swift in Sources */ = {isa = PBXBuildFile; fileRef = C54BE55028960EF10060A066 /* SelectMemoryView.swift */; };
		C54BE55228960EF10060A066 /* SelectMemoryView.swift in Sources */ = {isa = PBXBuildFile; fileRef = C54BE55028960EF10060A066 /* SelectMemoryView.swift */; };
		C54BE554289610A00060A066 /* ShowMemoryView.swift in Sources */ = {isa = PBXBuildFile; fileRef = C54BE553289610A00060A066 /* ShowMemoryView.swift */; };
		C54BE555289610A00060A066 /* ShowMemoryView.swift in Sources */ = {isa = PBXBuildFile; fileRef = C54BE553289610A00060A066 /* ShowMemoryView.swift */; };
		C54BE55A289698990060A066 /* View+If.swift in Sources */ = {isa = PBXBuildFile; fileRef = C54BE559289698990060A066 /* View+If.swift */; };
		C54BE55B289698990060A066 /* View+If.swift in Sources */ = {isa = PBXBuildFile; fileRef = C54BE559289698990060A066 /* View+If.swift */; };
		C54BE56028986F540060A066 /* Consciousness+preview.swift in Sources */ = {isa = PBXBuildFile; fileRef = C54BE55F28986F540060A066 /* Consciousness+preview.swift */; };
		C54BE56128986F540060A066 /* Consciousness+preview.swift in Sources */ = {isa = PBXBuildFile; fileRef = C54BE55F28986F540060A066 /* Consciousness+preview.swift */; };
		C54BE566289884CE0060A066 /* Aspect.swift in Sources */ = {isa = PBXBuildFile; fileRef = C54BE565289884CE0060A066 /* Aspect.swift */; };
		C54BE567289884CE0060A066 /* Aspect.swift in Sources */ = {isa = PBXBuildFile; fileRef = C54BE565289884CE0060A066 /* Aspect.swift */; };
		C54BE5692898852E0060A066 /* Perspective.swift in Sources */ = {isa = PBXBuildFile; fileRef = C54BE5682898852E0060A066 /* Perspective.swift */; };
		C54BE56A2898852E0060A066 /* Perspective.swift in Sources */ = {isa = PBXBuildFile; fileRef = C54BE5682898852E0060A066 /* Perspective.swift */; };
		C54BE56C289889EB0060A066 /* Brain.Information.swift in Sources */ = {isa = PBXBuildFile; fileRef = C54BE56B289889EB0060A066 /* Brain.Information.swift */; };
		C54BE56D289889EB0060A066 /* Brain.Information.swift in Sources */ = {isa = PBXBuildFile; fileRef = C54BE56B289889EB0060A066 /* Brain.Information.swift */; };
		C54BE575289D7A090060A066 /* ObservedSerialized.swift in Sources */ = {isa = PBXBuildFile; fileRef = C54BE574289D7A090060A066 /* ObservedSerialized.swift */; };
		C54BE576289D7A090060A066 /* ObservedSerialized.swift in Sources */ = {isa = PBXBuildFile; fileRef = C54BE574289D7A090060A066 /* ObservedSerialized.swift */; };
		C54BE577289D7B0F0060A066 /* PublishedSerialized.swift in Sources */ = {isa = PBXBuildFile; fileRef = C54BE571289D64960060A066 /* PublishedSerialized.swift */; };
		C54BE578289D7B0F0060A066 /* PublishedSerialized.swift in Sources */ = {isa = PBXBuildFile; fileRef = C54BE571289D64960060A066 /* PublishedSerialized.swift */; };
		C54BE57A289D9E890060A066 /* Aspect.Builder.swift in Sources */ = {isa = PBXBuildFile; fileRef = C54BE579289D9E890060A066 /* Aspect.Builder.swift */; };
		C54BE57B289D9E890060A066 /* Aspect.Builder.swift in Sources */ = {isa = PBXBuildFile; fileRef = C54BE579289D9E890060A066 /* Aspect.Builder.swift */; };
		C54BE57D289D9EED0060A066 /* Perspective.Builder.swift in Sources */ = {isa = PBXBuildFile; fileRef = C54BE57C289D9EED0060A066 /* Perspective.Builder.swift */; };
		C54BE57E289D9EED0060A066 /* Perspective.Builder.swift in Sources */ = {isa = PBXBuildFile; fileRef = C54BE57C289D9EED0060A066 /* Perspective.Builder.swift */; };
		C54BE580289DA0F60060A066 /* buildPerspectives.swift in Sources */ = {isa = PBXBuildFile; fileRef = C54BE57F289DA0F60060A066 /* buildPerspectives.swift */; };
		C54BE581289DA0F60060A066 /* buildPerspectives.swift in Sources */ = {isa = PBXBuildFile; fileRef = C54BE57F289DA0F60060A066 /* buildPerspectives.swift */; };
		C54BE58328A1965B0060A066 /* Mind.Thought.swift in Sources */ = {isa = PBXBuildFile; fileRef = C54BE58228A1965B0060A066 /* Mind.Thought.swift */; };
		C54BE58428A1965B0060A066 /* Mind.Thought.swift in Sources */ = {isa = PBXBuildFile; fileRef = C54BE58228A1965B0060A066 /* Mind.Thought.swift */; };
		C54BE58728A1BD5B0060A066 /* Mind.swift in Sources */ = {isa = PBXBuildFile; fileRef = C54BE58628A1BD5B0060A066 /* Mind.swift */; };
		C54BE58828A1BD5B0060A066 /* Mind.swift in Sources */ = {isa = PBXBuildFile; fileRef = C54BE58628A1BD5B0060A066 /* Mind.swift */; };
		C582B38628A2F00400F795F0 /* PersistentObject.swift in Sources */ = {isa = PBXBuildFile; fileRef = C582B38528A2F00400F795F0 /* PersistentObject.swift */; };
		C582B38728A2F00400F795F0 /* PersistentObject.swift in Sources */ = {isa = PBXBuildFile; fileRef = C582B38528A2F00400F795F0 /* PersistentObject.swift */; };
		C582B38928A2FAAD00F795F0 /* Mind.Topic.swift in Sources */ = {isa = PBXBuildFile; fileRef = C582B38828A2FAAD00F795F0 /* Mind.Topic.swift */; };
		C582B38A28A2FAAD00F795F0 /* Mind.Topic.swift in Sources */ = {isa = PBXBuildFile; fileRef = C582B38828A2FAAD00F795F0 /* Mind.Topic.swift */; };
		C582B38C28A43C1700F795F0 /* Mind.Idea.swift in Sources */ = {isa = PBXBuildFile; fileRef = C582B38B28A43C1700F795F0 /* Mind.Idea.swift */; };
		C582B38D28A43C1700F795F0 /* Mind.Idea.swift in Sources */ = {isa = PBXBuildFile; fileRef = C582B38B28A43C1700F795F0 /* Mind.Idea.swift */; };
		C5CD5A8D28C4095900DA9F7D /* AspectStorage.swift in Sources */ = {isa = PBXBuildFile; fileRef = C5CD5A8C28C4095900DA9F7D /* AspectStorage.swift */; };
		C5CD5A8E28C4095900DA9F7D /* AspectStorage.swift in Sources */ = {isa = PBXBuildFile; fileRef = C5CD5A8C28C4095900DA9F7D /* AspectStorage.swift */; };
		C5CD5A9328C40D7A00DA9F7D /* ComparisonResult.swift in Sources */ = {isa = PBXBuildFile; fileRef = C5CD5A9228C40D7A00DA9F7D /* ComparisonResult.swift */; };
		C5CD5A9428C40D7A00DA9F7D /* ComparisonResult.swift in Sources */ = {isa = PBXBuildFile; fileRef = C5CD5A9228C40D7A00DA9F7D /* ComparisonResult.swift */; };
/* End PBXBuildFile section */

/* Begin PBXFileReference section */
		C54BE4A12894866A0060A066 /* HippocampusApp.swift */ = {isa = PBXFileReference; lastKnownFileType = sourcecode.swift; path = HippocampusApp.swift; sourceTree = "<group>"; };
		C54BE4A22894866A0060A066 /* ContentView.swift */ = {isa = PBXFileReference; lastKnownFileType = sourcecode.swift; path = ContentView.swift; sourceTree = "<group>"; };
		C54BE4A32894866C0060A066 /* Assets.xcassets */ = {isa = PBXFileReference; lastKnownFileType = folder.assetcatalog; path = Assets.xcassets; sourceTree = "<group>"; };
		C54BE4A82894866C0060A066 /* Hippocampus.app */ = {isa = PBXFileReference; explicitFileType = wrapper.application; includeInIndex = 0; path = Hippocampus.app; sourceTree = BUILT_PRODUCTS_DIR; };
		C54BE4AE2894866C0060A066 /* Hippocampus.app */ = {isa = PBXFileReference; explicitFileType = wrapper.application; includeInIndex = 0; path = Hippocampus.app; sourceTree = BUILT_PRODUCTS_DIR; };
		C54BE4B02894866C0060A066 /* macOS.entitlements */ = {isa = PBXFileReference; lastKnownFileType = text.plist.entitlements; path = macOS.entitlements; sourceTree = "<group>"; };
		C54BE4C128958F820060A066 /* Transformable.swift */ = {isa = PBXFileReference; fileEncoding = 4; lastKnownFileType = sourcecode.swift; path = Transformable.swift; sourceTree = "<group>"; };
		C54BE4C228958F820060A066 /* Serialized.swift */ = {isa = PBXFileReference; fileEncoding = 4; lastKnownFileType = sourcecode.swift; path = Serialized.swift; sourceTree = "<group>"; };
		C54BE4C328958F820060A066 /* DecodableProperty.swift */ = {isa = PBXFileReference; fileEncoding = 4; lastKnownFileType = sourcecode.swift; path = DecodableProperty.swift; sourceTree = "<group>"; };
		C54BE4C428958F820060A066 /* SerializableDecodable.swift */ = {isa = PBXFileReference; fileEncoding = 4; lastKnownFileType = sourcecode.swift; path = SerializableDecodable.swift; sourceTree = "<group>"; };
		C54BE4C528958F820060A066 /* SerializedCodingKeys.swift */ = {isa = PBXFileReference; fileEncoding = 4; lastKnownFileType = sourcecode.swift; path = SerializedCodingKeys.swift; sourceTree = "<group>"; };
		C54BE4C628958F820060A066 /* EncodableProperty.swift */ = {isa = PBXFileReference; fileEncoding = 4; lastKnownFileType = sourcecode.swift; path = EncodableProperty.swift; sourceTree = "<group>"; };
		C54BE4C728958F820060A066 /* SerializableEncodable.swift */ = {isa = PBXFileReference; fileEncoding = 4; lastKnownFileType = sourcecode.swift; path = SerializableEncodable.swift; sourceTree = "<group>"; };
		C54BE4C828958F820060A066 /* SerializedTransformable.swift */ = {isa = PBXFileReference; fileEncoding = 4; lastKnownFileType = sourcecode.swift; path = SerializedTransformable.swift; sourceTree = "<group>"; };
		C54BE4DA28958F910060A066 /* Primitive.swift */ = {isa = PBXFileReference; fileEncoding = 4; lastKnownFileType = sourcecode.swift; path = Primitive.swift; sourceTree = "<group>"; };
		C54BE4DB28958F910060A066 /* CycleBreaker.swift */ = {isa = PBXFileReference; fileEncoding = 4; lastKnownFileType = sourcecode.swift; path = CycleBreaker.swift; sourceTree = "<group>"; };
		C54BE4DC28958F910060A066 /* Box.swift */ = {isa = PBXFileReference; fileEncoding = 4; lastKnownFileType = sourcecode.swift; path = Box.swift; sourceTree = "<group>"; };
		C54BE4DD28958F910060A066 /* CyclicEncoder.swift */ = {isa = PBXFileReference; fileEncoding = 4; lastKnownFileType = sourcecode.swift; path = CyclicEncoder.swift; sourceTree = "<group>"; };
		C54BE4DE28958F910060A066 /* CyclicDecoder.swift */ = {isa = PBXFileReference; fileEncoding = 4; lastKnownFileType = sourcecode.swift; path = CyclicDecoder.swift; sourceTree = "<group>"; };
		C54BE4EB28958FC70060A066 /* PersistentData.swift */ = {isa = PBXFileReference; fileEncoding = 4; lastKnownFileType = sourcecode.swift; path = PersistentData.swift; sourceTree = "<group>"; };
		C54BE4EF289591320060A066 /* ObservedChangeReceiver.swift */ = {isa = PBXFileReference; fileEncoding = 4; lastKnownFileType = sourcecode.swift; path = ObservedChangeReceiver.swift; sourceTree = "<group>"; };
		C54BE4F0289591320060A066 /* Observed.swift */ = {isa = PBXFileReference; fileEncoding = 4; lastKnownFileType = sourcecode.swift; path = Observed.swift; sourceTree = "<group>"; };
		C54BE4F6289591440060A066 /* CGRect+Functions.swift */ = {isa = PBXFileReference; fileEncoding = 4; lastKnownFileType = sourcecode.swift; path = "CGRect+Functions.swift"; sourceTree = "<group>"; };
		C54BE4F7289591440060A066 /* View+offset.swift */ = {isa = PBXFileReference; fileEncoding = 4; lastKnownFileType = sourcecode.swift; path = "View+offset.swift"; sourceTree = "<group>"; };
		C54BE4F8289591440060A066 /* CGPoint+Operators.swift */ = {isa = PBXFileReference; fileEncoding = 4; lastKnownFileType = sourcecode.swift; path = "CGPoint+Operators.swift"; sourceTree = "<group>"; };
		C54BE4F9289591440060A066 /* CGSize+Operators.swift */ = {isa = PBXFileReference; fileEncoding = 4; lastKnownFileType = sourcecode.swift; path = "CGSize+Operators.swift"; sourceTree = "<group>"; };
		C54BE4FA289591440060A066 /* CGFloat+Operators.swift */ = {isa = PBXFileReference; fileEncoding = 4; lastKnownFileType = sourcecode.swift; path = "CGFloat+Operators.swift"; sourceTree = "<group>"; };
		C54BE506289591530060A066 /* Set+asArray.swift */ = {isa = PBXFileReference; fileEncoding = 4; lastKnownFileType = sourcecode.swift; path = "Set+asArray.swift"; sourceTree = "<group>"; };
		C54BE507289591530060A066 /* Array+asSet.swift */ = {isa = PBXFileReference; fileEncoding = 4; lastKnownFileType = sourcecode.swift; path = "Array+asSet.swift"; sourceTree = "<group>"; };
		C54BE50D289591700060A066 /* MeasureSizeModifier.swift */ = {isa = PBXFileReference; fileEncoding = 4; lastKnownFileType = sourcecode.swift; path = MeasureSizeModifier.swift; sourceTree = "<group>"; };
		C54BE511289591840060A066 /* InjectedPropertyWrapper.swift */ = {isa = PBXFileReference; fileEncoding = 4; lastKnownFileType = sourcecode.swift; path = InjectedPropertyWrapper.swift; sourceTree = "<group>"; };
		C54BE512289591840060A066 /* InjectionKey.swift */ = {isa = PBXFileReference; fileEncoding = 4; lastKnownFileType = sourcecode.swift; path = InjectionKey.swift; sourceTree = "<group>"; };
		C54BE513289591840060A066 /* Injector.swift */ = {isa = PBXFileReference; fileEncoding = 4; lastKnownFileType = sourcecode.swift; path = Injector.swift; sourceTree = "<group>"; };
		C54BE527289591950060A066 /* NSPredicate+operators.swift */ = {isa = PBXFileReference; fileEncoding = 4; lastKnownFileType = sourcecode.swift; path = "NSPredicate+operators.swift"; sourceTree = "<group>"; };
		C54BE53F2895C46C0060A066 /* Brain.swift */ = {isa = PBXFileReference; lastKnownFileType = sourcecode.swift; path = Brain.swift; sourceTree = "<group>"; };
		C54BE5422895DB180060A066 /* Brain.Synapse.swift */ = {isa = PBXFileReference; lastKnownFileType = sourcecode.swift; path = Brain.Synapse.swift; sourceTree = "<group>"; };
		C54BE5452895DB3B0060A066 /* Brain.Neuron.swift */ = {isa = PBXFileReference; lastKnownFileType = sourcecode.swift; path = Brain.Neuron.swift; sourceTree = "<group>"; };
		C54BE5492895DCEA0060A066 /* Consciousness.Memory.swift */ = {isa = PBXFileReference; lastKnownFileType = sourcecode.swift; path = Consciousness.Memory.swift; sourceTree = "<group>"; };
		C54BE54C289602980060A066 /* Consciousness.swift */ = {isa = PBXFileReference; lastKnownFileType = sourcecode.swift; path = Consciousness.swift; sourceTree = "<group>"; };
		C54BE55028960EF10060A066 /* SelectMemoryView.swift */ = {isa = PBXFileReference; lastKnownFileType = sourcecode.swift; path = SelectMemoryView.swift; sourceTree = "<group>"; };
		C54BE553289610A00060A066 /* ShowMemoryView.swift */ = {isa = PBXFileReference; lastKnownFileType = sourcecode.swift; path = ShowMemoryView.swift; sourceTree = "<group>"; };
		C54BE556289616680060A066 /* Hippocampus (iOS).entitlements */ = {isa = PBXFileReference; lastKnownFileType = text.plist.entitlements; path = "Hippocampus (iOS).entitlements"; sourceTree = "<group>"; };
		C54BE557289617140060A066 /* Hippocampus--macOS--Info.plist */ = {isa = PBXFileReference; lastKnownFileType = text.plist; path = "Hippocampus--macOS--Info.plist"; sourceTree = "<group>"; };
		C54BE558289618300060A066 /* Hippocampus--iOS--Info.plist */ = {isa = PBXFileReference; lastKnownFileType = text.plist; path = "Hippocampus--iOS--Info.plist"; sourceTree = "<group>"; };
		C54BE559289698990060A066 /* View+If.swift */ = {isa = PBXFileReference; fileEncoding = 4; lastKnownFileType = sourcecode.swift; path = "View+If.swift"; sourceTree = "<group>"; };
		C54BE55F28986F540060A066 /* Consciousness+preview.swift */ = {isa = PBXFileReference; lastKnownFileType = sourcecode.swift; path = "Consciousness+preview.swift"; sourceTree = "<group>"; };
		C54BE565289884CE0060A066 /* Aspect.swift */ = {isa = PBXFileReference; lastKnownFileType = sourcecode.swift; path = Aspect.swift; sourceTree = "<group>"; };
		C54BE5682898852E0060A066 /* Perspective.swift */ = {isa = PBXFileReference; lastKnownFileType = sourcecode.swift; path = Perspective.swift; sourceTree = "<group>"; };
		C54BE56B289889EB0060A066 /* Brain.Information.swift */ = {isa = PBXFileReference; lastKnownFileType = sourcecode.swift; path = Brain.Information.swift; sourceTree = "<group>"; };
		C54BE571289D64960060A066 /* PublishedSerialized.swift */ = {isa = PBXFileReference; fileEncoding = 4; lastKnownFileType = sourcecode.swift; path = PublishedSerialized.swift; sourceTree = "<group>"; };
		C54BE574289D7A090060A066 /* ObservedSerialized.swift */ = {isa = PBXFileReference; fileEncoding = 4; lastKnownFileType = sourcecode.swift; path = ObservedSerialized.swift; sourceTree = "<group>"; };
		C54BE579289D9E890060A066 /* Aspect.Builder.swift */ = {isa = PBXFileReference; lastKnownFileType = sourcecode.swift; path = Aspect.Builder.swift; sourceTree = "<group>"; };
		C54BE57C289D9EED0060A066 /* Perspective.Builder.swift */ = {isa = PBXFileReference; lastKnownFileType = sourcecode.swift; path = Perspective.Builder.swift; sourceTree = "<group>"; };
		C54BE57F289DA0F60060A066 /* buildPerspectives.swift */ = {isa = PBXFileReference; lastKnownFileType = sourcecode.swift; path = buildPerspectives.swift; sourceTree = "<group>"; };
		C54BE58228A1965B0060A066 /* Mind.Thought.swift */ = {isa = PBXFileReference; lastKnownFileType = sourcecode.swift; path = Mind.Thought.swift; sourceTree = "<group>"; };
		C54BE58628A1BD5B0060A066 /* Mind.swift */ = {isa = PBXFileReference; lastKnownFileType = sourcecode.swift; path = Mind.swift; sourceTree = "<group>"; };
		C582B38528A2F00400F795F0 /* PersistentObject.swift */ = {isa = PBXFileReference; lastKnownFileType = sourcecode.swift; path = PersistentObject.swift; sourceTree = "<group>"; };
		C582B38828A2FAAD00F795F0 /* Mind.Topic.swift */ = {isa = PBXFileReference; lastKnownFileType = sourcecode.swift; path = Mind.Topic.swift; sourceTree = "<group>"; };
		C582B38B28A43C1700F795F0 /* Mind.Idea.swift */ = {isa = PBXFileReference; lastKnownFileType = sourcecode.swift; path = Mind.Idea.swift; sourceTree = "<group>"; };
		C5CD5A8C28C4095900DA9F7D /* AspectStorage.swift */ = {isa = PBXFileReference; lastKnownFileType = sourcecode.swift; path = AspectStorage.swift; sourceTree = "<group>"; };
		C5CD5A9228C40D7A00DA9F7D /* ComparisonResult.swift */ = {isa = PBXFileReference; lastKnownFileType = sourcecode.swift; path = ComparisonResult.swift; sourceTree = "<group>"; };
/* End PBXFileReference section */

/* Begin PBXFrameworksBuildPhase section */
		C54BE4A52894866C0060A066 /* Frameworks */ = {
			isa = PBXFrameworksBuildPhase;
			buildActionMask = 2147483647;
			files = (
			);
			runOnlyForDeploymentPostprocessing = 0;
		};
		C54BE4AB2894866C0060A066 /* Frameworks */ = {
			isa = PBXFrameworksBuildPhase;
			buildActionMask = 2147483647;
			files = (
			);
			runOnlyForDeploymentPostprocessing = 0;
		};
/* End PBXFrameworksBuildPhase section */

/* Begin PBXGroup section */
		C54BE49B289486690060A066 = {
			isa = PBXGroup;
			children = (
				C54BE558289618300060A066 /* Hippocampus--iOS--Info.plist */,
				C54BE557289617140060A066 /* Hippocampus--macOS--Info.plist */,
				C54BE556289616680060A066 /* Hippocampus (iOS).entitlements */,
				C54BE4BF28958F470060A066 /* Framework */,
				C54BE4A02894866A0060A066 /* Shared */,
				C54BE4AF2894866C0060A066 /* macOS */,
				C54BE4A92894866C0060A066 /* Products */,
			);
			sourceTree = "<group>";
		};
		C54BE4A02894866A0060A066 /* Shared */ = {
			isa = PBXGroup;
			children = (
				C54BE5482895DCD50060A066 /* App Layer */,
				C54BE58528A1BD020060A066 /* Mind Layer */,
				C54BE53E2895C4500060A066 /* Brain Layer */,
				C54BE4A32894866C0060A066 /* Assets.xcassets */,
			);
			path = Shared;
			sourceTree = "<group>";
		};
		C54BE4A92894866C0060A066 /* Products */ = {
			isa = PBXGroup;
			children = (
				C54BE4A82894866C0060A066 /* Hippocampus.app */,
				C54BE4AE2894866C0060A066 /* Hippocampus.app */,
			);
			name = Products;
			sourceTree = "<group>";
		};
		C54BE4AF2894866C0060A066 /* macOS */ = {
			isa = PBXGroup;
			children = (
				C54BE4B02894866C0060A066 /* macOS.entitlements */,
			);
			path = macOS;
			sourceTree = "<group>";
		};
		C54BE4BF28958F470060A066 /* Framework */ = {
			isa = PBXGroup;
			children = (
				C54BE510289591830060A066 /* Dependency Injection */,
				C54BE50C289591700060A066 /* SwiftUI Technical */,
				C54BE505289591530060A066 /* Extensions */,
				C54BE4F5289591440060A066 /* Core Graphics Technical */,
				C54BE4EE289591320060A066 /* Model Observation */,
				C54BE4EA28958FAD0060A066 /* Persistence */,
			);
			path = Framework;
			sourceTree = "<group>";
		};
		C54BE4C028958F820060A066 /* SerializedSwift */ = {
			isa = PBXGroup;
			children = (
				C54BE4C128958F820060A066 /* Transformable.swift */,
				C54BE4C228958F820060A066 /* Serialized.swift */,
				C54BE571289D64960060A066 /* PublishedSerialized.swift */,
				C54BE574289D7A090060A066 /* ObservedSerialized.swift */,
				C54BE4C328958F820060A066 /* DecodableProperty.swift */,
				C54BE4C428958F820060A066 /* SerializableDecodable.swift */,
				C54BE4C528958F820060A066 /* SerializedCodingKeys.swift */,
				C54BE4C628958F820060A066 /* EncodableProperty.swift */,
				C54BE4C728958F820060A066 /* SerializableEncodable.swift */,
				C54BE4C828958F820060A066 /* SerializedTransformable.swift */,
			);
			path = SerializedSwift;
			sourceTree = "<group>";
		};
		C54BE4D928958F910060A066 /* CyclicCoding */ = {
			isa = PBXGroup;
			children = (
				C54BE4DA28958F910060A066 /* Primitive.swift */,
				C54BE4DB28958F910060A066 /* CycleBreaker.swift */,
				C54BE4DC28958F910060A066 /* Box.swift */,
				C54BE4DD28958F910060A066 /* CyclicEncoder.swift */,
				C54BE4DE28958F910060A066 /* CyclicDecoder.swift */,
			);
			path = CyclicCoding;
			sourceTree = "<group>";
		};
		C54BE4E928958F970060A066 /* Serialization */ = {
			isa = PBXGroup;
			children = (
				C54BE4C028958F820060A066 /* SerializedSwift */,
				C54BE4D928958F910060A066 /* CyclicCoding */,
			);
			path = Serialization;
			sourceTree = "<group>";
		};
		C54BE4EA28958FAD0060A066 /* Persistence */ = {
			isa = PBXGroup;
			children = (
				C54BE4E928958F970060A066 /* Serialization */,
				C54BE4EB28958FC70060A066 /* PersistentData.swift */,
				C582B38528A2F00400F795F0 /* PersistentObject.swift */,
			);
			path = Persistence;
			sourceTree = "<group>";
		};
		C54BE4EE289591320060A066 /* Model Observation */ = {
			isa = PBXGroup;
			children = (
				C54BE4EF289591320060A066 /* ObservedChangeReceiver.swift */,
				C54BE4F0289591320060A066 /* Observed.swift */,
			);
			path = "Model Observation";
			sourceTree = "<group>";
		};
		C54BE4F5289591440060A066 /* Core Graphics Technical */ = {
			isa = PBXGroup;
			children = (
				C54BE4F6289591440060A066 /* CGRect+Functions.swift */,
				C54BE4F7289591440060A066 /* View+offset.swift */,
				C54BE4F8289591440060A066 /* CGPoint+Operators.swift */,
				C54BE4F9289591440060A066 /* CGSize+Operators.swift */,
				C54BE4FA289591440060A066 /* CGFloat+Operators.swift */,
			);
			path = "Core Graphics Technical";
			sourceTree = "<group>";
		};
		C54BE505289591530060A066 /* Extensions */ = {
			isa = PBXGroup;
			children = (
				C54BE527289591950060A066 /* NSPredicate+operators.swift */,
				C54BE506289591530060A066 /* Set+asArray.swift */,
				C54BE507289591530060A066 /* Array+asSet.swift */,
			);
			path = Extensions;
			sourceTree = "<group>";
		};
		C54BE50C289591700060A066 /* SwiftUI Technical */ = {
			isa = PBXGroup;
			children = (
				C54BE50D289591700060A066 /* MeasureSizeModifier.swift */,
				C54BE559289698990060A066 /* View+If.swift */,
			);
			path = "SwiftUI Technical";
			sourceTree = "<group>";
		};
		C54BE510289591830060A066 /* Dependency Injection */ = {
			isa = PBXGroup;
			children = (
				C54BE511289591840060A066 /* InjectedPropertyWrapper.swift */,
				C54BE512289591840060A066 /* InjectionKey.swift */,
				C54BE513289591840060A066 /* Injector.swift */,
			);
			path = "Dependency Injection";
			sourceTree = "<group>";
		};
		C54BE53E2895C4500060A066 /* Brain Layer */ = {
			isa = PBXGroup;
			children = (
				C5CD5A9528C40DA600DA9F7D /* Perspectives */,
				C54BE53F2895C46C0060A066 /* Brain.swift */,
				C54BE56B289889EB0060A066 /* Brain.Information.swift */,
				C54BE5452895DB3B0060A066 /* Brain.Neuron.swift */,
				C54BE5422895DB180060A066 /* Brain.Synapse.swift */,
			);
			path = "Brain Layer";
			sourceTree = "<group>";
		};
		C54BE5482895DCD50060A066 /* App Layer */ = {
			isa = PBXGroup;
			children = (
				C54BE54C289602980060A066 /* Consciousness.swift */,
				C54BE5492895DCEA0060A066 /* Consciousness.Memory.swift */,
				C54BE55F28986F540060A066 /* Consciousness+preview.swift */,
				C54BE4A12894866A0060A066 /* HippocampusApp.swift */,
				C54BE4A22894866A0060A066 /* ContentView.swift */,
				C54BE55028960EF10060A066 /* SelectMemoryView.swift */,
				C54BE553289610A00060A066 /* ShowMemoryView.swift */,
			);
			path = "App Layer";
			sourceTree = "<group>";
		};
		C54BE58528A1BD020060A066 /* Mind Layer */ = {
			isa = PBXGroup;
			children = (
				C54BE58628A1BD5B0060A066 /* Mind.swift */,
				C582B38828A2FAAD00F795F0 /* Mind.Topic.swift */,
				C54BE58228A1965B0060A066 /* Mind.Thought.swift */,
				C582B38B28A43C1700F795F0 /* Mind.Idea.swift */,
			);
			path = "Mind Layer";
			sourceTree = "<group>";
		};
		C5CD5A9528C40DA600DA9F7D /* Perspectives */ = {
			isa = PBXGroup;
			children = (
				C5CD5A9228C40D7A00DA9F7D /* ComparisonResult.swift */,
				C5CD5A8C28C4095900DA9F7D /* AspectStorage.swift */,
				C54BE565289884CE0060A066 /* Aspect.swift */,
				C54BE579289D9E890060A066 /* Aspect.Builder.swift */,
				C54BE5682898852E0060A066 /* Perspective.swift */,
				C54BE57C289D9EED0060A066 /* Perspective.Builder.swift */,
				C54BE57F289DA0F60060A066 /* buildPerspectives.swift */,
			);
			path = Perspectives;
			sourceTree = "<group>";
		};
/* End PBXGroup section */

/* Begin PBXNativeTarget section */
		C54BE4A72894866C0060A066 /* Hippocampus (iOS) */ = {
			isa = PBXNativeTarget;
			buildConfigurationList = C54BE4B92894866C0060A066 /* Build configuration list for PBXNativeTarget "Hippocampus (iOS)" */;
			buildPhases = (
				C54BE4A42894866C0060A066 /* Sources */,
				C54BE4A52894866C0060A066 /* Frameworks */,
				C54BE4A62894866C0060A066 /* Resources */,
			);
			buildRules = (
			);
			dependencies = (
			);
			name = "Hippocampus (iOS)";
			productName = "Hippocampus (iOS)";
			productReference = C54BE4A82894866C0060A066 /* Hippocampus.app */;
			productType = "com.apple.product-type.application";
		};
		C54BE4AD2894866C0060A066 /* Hippocampus (macOS) */ = {
			isa = PBXNativeTarget;
			buildConfigurationList = C54BE4BC2894866C0060A066 /* Build configuration list for PBXNativeTarget "Hippocampus (macOS)" */;
			buildPhases = (
				C54BE4AA2894866C0060A066 /* Sources */,
				C54BE4AB2894866C0060A066 /* Frameworks */,
				C54BE4AC2894866C0060A066 /* Resources */,
			);
			buildRules = (
			);
			dependencies = (
			);
			name = "Hippocampus (macOS)";
			productName = "Hippocampus (macOS)";
			productReference = C54BE4AE2894866C0060A066 /* Hippocampus.app */;
			productType = "com.apple.product-type.application";
		};
/* End PBXNativeTarget section */

/* Begin PBXProject section */
		C54BE49C289486690060A066 /* Project object */ = {
			isa = PBXProject;
			attributes = {
				BuildIndependentTargetsInParallel = 1;
				LastSwiftUpdateCheck = 1340;
				LastUpgradeCheck = 1340;
				TargetAttributes = {
					C54BE4A72894866C0060A066 = {
						CreatedOnToolsVersion = 13.4.1;
					};
					C54BE4AD2894866C0060A066 = {
						CreatedOnToolsVersion = 13.4.1;
					};
				};
			};
			buildConfigurationList = C54BE49F289486690060A066 /* Build configuration list for PBXProject "Hippocampus" */;
			compatibilityVersion = "Xcode 13.0";
			developmentRegion = en;
			hasScannedForEncodings = 0;
			knownRegions = (
				en,
				Base,
			);
			mainGroup = C54BE49B289486690060A066;
			productRefGroup = C54BE4A92894866C0060A066 /* Products */;
			projectDirPath = "";
			projectRoot = "";
			targets = (
				C54BE4A72894866C0060A066 /* Hippocampus (iOS) */,
				C54BE4AD2894866C0060A066 /* Hippocampus (macOS) */,
			);
		};
/* End PBXProject section */

/* Begin PBXResourcesBuildPhase section */
		C54BE4A62894866C0060A066 /* Resources */ = {
			isa = PBXResourcesBuildPhase;
			buildActionMask = 2147483647;
			files = (
				C54BE4B52894866C0060A066 /* Assets.xcassets in Resources */,
			);
			runOnlyForDeploymentPostprocessing = 0;
		};
		C54BE4AC2894866C0060A066 /* Resources */ = {
			isa = PBXResourcesBuildPhase;
			buildActionMask = 2147483647;
			files = (
				C54BE4B62894866C0060A066 /* Assets.xcassets in Resources */,
			);
			runOnlyForDeploymentPostprocessing = 0;
		};
/* End PBXResourcesBuildPhase section */

/* Begin PBXSourcesBuildPhase section */
		C54BE4A42894866C0060A066 /* Sources */ = {
			isa = PBXSourcesBuildPhase;
			buildActionMask = 2147483647;
			files = (
				C54BE4D728958F820060A066 /* SerializedTransformable.swift in Sources */,
				C5CD5A8D28C4095900DA9F7D /* AspectStorage.swift in Sources */,
				C54BE554289610A00060A066 /* ShowMemoryView.swift in Sources */,
				C54BE4F3289591320060A066 /* Observed.swift in Sources */,
				C54BE4F1289591320060A066 /* ObservedChangeReceiver.swift in Sources */,
				C54BE503289591440060A066 /* CGFloat+Operators.swift in Sources */,
				C54BE4E128958F910060A066 /* CycleBreaker.swift in Sources */,
				C54BE4B32894866C0060A066 /* ContentView.swift in Sources */,
				C54BE4D128958F820060A066 /* SerializedCodingKeys.swift in Sources */,
				C582B38928A2FAAD00F795F0 /* Mind.Topic.swift in Sources */,
				C54BE53C289591950060A066 /* NSPredicate+operators.swift in Sources */,
				C54BE4DF28958F910060A066 /* Primitive.swift in Sources */,
				C54BE5462895DB3C0060A066 /* Brain.Neuron.swift in Sources */,
				C54BE50E289591700060A066 /* MeasureSizeModifier.swift in Sources */,
				C54BE56C289889EB0060A066 /* Brain.Information.swift in Sources */,
				C54BE4FF289591440060A066 /* CGPoint+Operators.swift in Sources */,
				C54BE54D289602980060A066 /* Consciousness.swift in Sources */,
				C54BE55128960EF10060A066 /* SelectMemoryView.swift in Sources */,
				C54BE5432895DB180060A066 /* Brain.Synapse.swift in Sources */,
				C5CD5A9328C40D7A00DA9F7D /* ComparisonResult.swift in Sources */,
				C54BE4C928958F820060A066 /* Transformable.swift in Sources */,
				C54BE5692898852E0060A066 /* Perspective.swift in Sources */,
				C54BE4FB289591440060A066 /* CGRect+Functions.swift in Sources */,
				C54BE4E328958F910060A066 /* Box.swift in Sources */,
				C54BE577289D7B0F0060A066 /* PublishedSerialized.swift in Sources */,
				C54BE50A289591530060A066 /* Array+asSet.swift in Sources */,
				C54BE514289591840060A066 /* InjectedPropertyWrapper.swift in Sources */,
				C54BE580289DA0F60060A066 /* buildPerspectives.swift in Sources */,
				C54BE4CF28958F820060A066 /* SerializableDecodable.swift in Sources */,
				C54BE4D328958F820060A066 /* EncodableProperty.swift in Sources */,
				C54BE566289884CE0060A066 /* Aspect.swift in Sources */,
				C54BE508289591530060A066 /* Set+asArray.swift in Sources */,
				C54BE4D528958F820060A066 /* SerializableEncodable.swift in Sources */,
				C54BE4B12894866C0060A066 /* HippocampusApp.swift in Sources */,
				C54BE4CB28958F820060A066 /* Serialized.swift in Sources */,
				C54BE58728A1BD5B0060A066 /* Mind.swift in Sources */,
				C54BE5402895C46C0060A066 /* Brain.swift in Sources */,
				C54BE56028986F540060A066 /* Consciousness+preview.swift in Sources */,
				C54BE575289D7A090060A066 /* ObservedSerialized.swift in Sources */,
				C54BE501289591440060A066 /* CGSize+Operators.swift in Sources */,
				C54BE57D289D9EED0060A066 /* Perspective.Builder.swift in Sources */,
				C54BE58328A1965B0060A066 /* Mind.Thought.swift in Sources */,
				C54BE4CD28958F820060A066 /* DecodableProperty.swift in Sources */,
				C54BE4E728958F910060A066 /* CyclicDecoder.swift in Sources */,
				C54BE54A2895DCEA0060A066 /* Consciousness.Memory.swift in Sources */,
				C54BE4FD289591440060A066 /* View+offset.swift in Sources */,
				C582B38628A2F00400F795F0 /* PersistentObject.swift in Sources */,
				C54BE57A289D9E890060A066 /* Aspect.Builder.swift in Sources */,
				C54BE516289591840060A066 /* InjectionKey.swift in Sources */,
				C54BE518289591840060A066 /* Injector.swift in Sources */,
				C54BE4EC28958FC70060A066 /* PersistentData.swift in Sources */,
				C54BE4E528958F910060A066 /* CyclicEncoder.swift in Sources */,
				C54BE55A289698990060A066 /* View+If.swift in Sources */,
				C582B38C28A43C1700F795F0 /* Mind.Idea.swift in Sources */,
			);
			runOnlyForDeploymentPostprocessing = 0;
		};
		C54BE4AA2894866C0060A066 /* Sources */ = {
			isa = PBXSourcesBuildPhase;
			buildActionMask = 2147483647;
			files = (
				C54BE4D828958F820060A066 /* SerializedTransformable.swift in Sources */,
				C5CD5A8E28C4095900DA9F7D /* AspectStorage.swift in Sources */,
				C54BE555289610A00060A066 /* ShowMemoryView.swift in Sources */,
				C54BE4F4289591320060A066 /* Observed.swift in Sources */,
				C54BE4F2289591320060A066 /* ObservedChangeReceiver.swift in Sources */,
				C54BE504289591440060A066 /* CGFloat+Operators.swift in Sources */,
				C54BE4E228958F910060A066 /* CycleBreaker.swift in Sources */,
				C54BE4B42894866C0060A066 /* ContentView.swift in Sources */,
				C54BE4D228958F820060A066 /* SerializedCodingKeys.swift in Sources */,
				C582B38A28A2FAAD00F795F0 /* Mind.Topic.swift in Sources */,
				C54BE53D289591950060A066 /* NSPredicate+operators.swift in Sources */,
				C54BE4E028958F910060A066 /* Primitive.swift in Sources */,
				C54BE5472895DB3C0060A066 /* Brain.Neuron.swift in Sources */,
				C54BE50F289591700060A066 /* MeasureSizeModifier.swift in Sources */,
				C54BE56D289889EB0060A066 /* Brain.Information.swift in Sources */,
				C54BE500289591440060A066 /* CGPoint+Operators.swift in Sources */,
				C54BE54E289602980060A066 /* Consciousness.swift in Sources */,
				C54BE55228960EF10060A066 /* SelectMemoryView.swift in Sources */,
				C54BE5442895DB180060A066 /* Brain.Synapse.swift in Sources */,
				C5CD5A9428C40D7A00DA9F7D /* ComparisonResult.swift in Sources */,
				C54BE4CA28958F820060A066 /* Transformable.swift in Sources */,
				C54BE56A2898852E0060A066 /* Perspective.swift in Sources */,
				C54BE4FC289591440060A066 /* CGRect+Functions.swift in Sources */,
				C54BE4E428958F910060A066 /* Box.swift in Sources */,
				C54BE578289D7B0F0060A066 /* PublishedSerialized.swift in Sources */,
				C54BE50B289591530060A066 /* Array+asSet.swift in Sources */,
				C54BE515289591840060A066 /* InjectedPropertyWrapper.swift in Sources */,
				C54BE581289DA0F60060A066 /* buildPerspectives.swift in Sources */,
				C54BE4D028958F820060A066 /* SerializableDecodable.swift in Sources */,
				C54BE4D428958F820060A066 /* EncodableProperty.swift in Sources */,
				C54BE567289884CE0060A066 /* Aspect.swift in Sources */,
				C54BE509289591530060A066 /* Set+asArray.swift in Sources */,
				C54BE4D628958F820060A066 /* SerializableEncodable.swift in Sources */,
				C54BE4B22894866C0060A066 /* HippocampusApp.swift in Sources */,
				C54BE4CC28958F820060A066 /* Serialized.swift in Sources */,
				C54BE58828A1BD5B0060A066 /* Mind.swift in Sources */,
				C54BE5412895C46C0060A066 /* Brain.swift in Sources */,
				C54BE56128986F540060A066 /* Consciousness+preview.swift in Sources */,
				C54BE576289D7A090060A066 /* ObservedSerialized.swift in Sources */,
				C54BE502289591440060A066 /* CGSize+Operators.swift in Sources */,
				C54BE57E289D9EED0060A066 /* Perspective.Builder.swift in Sources */,
				C54BE58428A1965B0060A066 /* Mind.Thought.swift in Sources */,
				C54BE4CE28958F820060A066 /* DecodableProperty.swift in Sources */,
				C54BE4E828958F910060A066 /* CyclicDecoder.swift in Sources */,
				C54BE54B2895DCEA0060A066 /* Consciousness.Memory.swift in Sources */,
				C54BE4FE289591440060A066 /* View+offset.swift in Sources */,
				C582B38728A2F00400F795F0 /* PersistentObject.swift in Sources */,
				C54BE57B289D9E890060A066 /* Aspect.Builder.swift in Sources */,
				C54BE517289591840060A066 /* InjectionKey.swift in Sources */,
				C54BE519289591840060A066 /* Injector.swift in Sources */,
				C54BE4ED28958FC70060A066 /* PersistentData.swift in Sources */,
				C54BE4E628958F910060A066 /* CyclicEncoder.swift in Sources */,
				C54BE55B289698990060A066 /* View+If.swift in Sources */,
				C582B38D28A43C1700F795F0 /* Mind.Idea.swift in Sources */,
			);
			runOnlyForDeploymentPostprocessing = 0;
		};
/* End PBXSourcesBuildPhase section */

/* Begin XCBuildConfiguration section */
		C54BE4B72894866C0060A066 /* Debug */ = {
			isa = XCBuildConfiguration;
			buildSettings = {
				ALWAYS_SEARCH_USER_PATHS = NO;
				CLANG_ANALYZER_NONNULL = YES;
				CLANG_ANALYZER_NUMBER_OBJECT_CONVERSION = YES_AGGRESSIVE;
				CLANG_CXX_LANGUAGE_STANDARD = "gnu++17";
				CLANG_ENABLE_MODULES = YES;
				CLANG_ENABLE_OBJC_ARC = YES;
				CLANG_ENABLE_OBJC_WEAK = YES;
				CLANG_WARN_BLOCK_CAPTURE_AUTORELEASING = YES;
				CLANG_WARN_BOOL_CONVERSION = YES;
				CLANG_WARN_COMMA = YES;
				CLANG_WARN_CONSTANT_CONVERSION = YES;
				CLANG_WARN_DEPRECATED_OBJC_IMPLEMENTATIONS = YES;
				CLANG_WARN_DIRECT_OBJC_ISA_USAGE = YES_ERROR;
				CLANG_WARN_DOCUMENTATION_COMMENTS = YES;
				CLANG_WARN_EMPTY_BODY = YES;
				CLANG_WARN_ENUM_CONVERSION = YES;
				CLANG_WARN_INFINITE_RECURSION = YES;
				CLANG_WARN_INT_CONVERSION = YES;
				CLANG_WARN_NON_LITERAL_NULL_CONVERSION = YES;
				CLANG_WARN_OBJC_IMPLICIT_RETAIN_SELF = YES;
				CLANG_WARN_OBJC_LITERAL_CONVERSION = YES;
				CLANG_WARN_OBJC_ROOT_CLASS = YES_ERROR;
				CLANG_WARN_QUOTED_INCLUDE_IN_FRAMEWORK_HEADER = YES;
				CLANG_WARN_RANGE_LOOP_ANALYSIS = YES;
				CLANG_WARN_STRICT_PROTOTYPES = YES;
				CLANG_WARN_SUSPICIOUS_MOVE = YES;
				CLANG_WARN_UNGUARDED_AVAILABILITY = YES_AGGRESSIVE;
				CLANG_WARN_UNREACHABLE_CODE = YES;
				CLANG_WARN__DUPLICATE_METHOD_MATCH = YES;
				COPY_PHASE_STRIP = NO;
				DEBUG_INFORMATION_FORMAT = dwarf;
				ENABLE_STRICT_OBJC_MSGSEND = YES;
				ENABLE_TESTABILITY = YES;
				GCC_C_LANGUAGE_STANDARD = gnu11;
				GCC_DYNAMIC_NO_PIC = NO;
				GCC_NO_COMMON_BLOCKS = YES;
				GCC_OPTIMIZATION_LEVEL = 0;
				GCC_PREPROCESSOR_DEFINITIONS = (
					"DEBUG=1",
					"$(inherited)",
				);
				GCC_WARN_64_TO_32_BIT_CONVERSION = YES;
				GCC_WARN_ABOUT_RETURN_TYPE = YES_ERROR;
				GCC_WARN_UNDECLARED_SELECTOR = YES;
				GCC_WARN_UNINITIALIZED_AUTOS = YES_AGGRESSIVE;
				GCC_WARN_UNUSED_FUNCTION = YES;
				GCC_WARN_UNUSED_VARIABLE = YES;
				MTL_ENABLE_DEBUG_INFO = INCLUDE_SOURCE;
				MTL_FAST_MATH = YES;
				ONLY_ACTIVE_ARCH = YES;
				SWIFT_ACTIVE_COMPILATION_CONDITIONS = DEBUG;
				SWIFT_OPTIMIZATION_LEVEL = "-Onone";
			};
			name = Debug;
		};
		C54BE4B82894866C0060A066 /* Release */ = {
			isa = XCBuildConfiguration;
			buildSettings = {
				ALWAYS_SEARCH_USER_PATHS = NO;
				CLANG_ANALYZER_NONNULL = YES;
				CLANG_ANALYZER_NUMBER_OBJECT_CONVERSION = YES_AGGRESSIVE;
				CLANG_CXX_LANGUAGE_STANDARD = "gnu++17";
				CLANG_ENABLE_MODULES = YES;
				CLANG_ENABLE_OBJC_ARC = YES;
				CLANG_ENABLE_OBJC_WEAK = YES;
				CLANG_WARN_BLOCK_CAPTURE_AUTORELEASING = YES;
				CLANG_WARN_BOOL_CONVERSION = YES;
				CLANG_WARN_COMMA = YES;
				CLANG_WARN_CONSTANT_CONVERSION = YES;
				CLANG_WARN_DEPRECATED_OBJC_IMPLEMENTATIONS = YES;
				CLANG_WARN_DIRECT_OBJC_ISA_USAGE = YES_ERROR;
				CLANG_WARN_DOCUMENTATION_COMMENTS = YES;
				CLANG_WARN_EMPTY_BODY = YES;
				CLANG_WARN_ENUM_CONVERSION = YES;
				CLANG_WARN_INFINITE_RECURSION = YES;
				CLANG_WARN_INT_CONVERSION = YES;
				CLANG_WARN_NON_LITERAL_NULL_CONVERSION = YES;
				CLANG_WARN_OBJC_IMPLICIT_RETAIN_SELF = YES;
				CLANG_WARN_OBJC_LITERAL_CONVERSION = YES;
				CLANG_WARN_OBJC_ROOT_CLASS = YES_ERROR;
				CLANG_WARN_QUOTED_INCLUDE_IN_FRAMEWORK_HEADER = YES;
				CLANG_WARN_RANGE_LOOP_ANALYSIS = YES;
				CLANG_WARN_STRICT_PROTOTYPES = YES;
				CLANG_WARN_SUSPICIOUS_MOVE = YES;
				CLANG_WARN_UNGUARDED_AVAILABILITY = YES_AGGRESSIVE;
				CLANG_WARN_UNREACHABLE_CODE = YES;
				CLANG_WARN__DUPLICATE_METHOD_MATCH = YES;
				COPY_PHASE_STRIP = NO;
				DEBUG_INFORMATION_FORMAT = "dwarf-with-dsym";
				ENABLE_NS_ASSERTIONS = NO;
				ENABLE_STRICT_OBJC_MSGSEND = YES;
				GCC_C_LANGUAGE_STANDARD = gnu11;
				GCC_NO_COMMON_BLOCKS = YES;
				GCC_WARN_64_TO_32_BIT_CONVERSION = YES;
				GCC_WARN_ABOUT_RETURN_TYPE = YES_ERROR;
				GCC_WARN_UNDECLARED_SELECTOR = YES;
				GCC_WARN_UNINITIALIZED_AUTOS = YES_AGGRESSIVE;
				GCC_WARN_UNUSED_FUNCTION = YES;
				GCC_WARN_UNUSED_VARIABLE = YES;
				MTL_ENABLE_DEBUG_INFO = NO;
				MTL_FAST_MATH = YES;
				SWIFT_COMPILATION_MODE = wholemodule;
				SWIFT_OPTIMIZATION_LEVEL = "-O";
			};
			name = Release;
		};
		C54BE4BA2894866C0060A066 /* Debug */ = {
			isa = XCBuildConfiguration;
			buildSettings = {
				ASSETCATALOG_COMPILER_APPICON_NAME = AppIcon;
				ASSETCATALOG_COMPILER_GLOBAL_ACCENT_COLOR_NAME = AccentColor;
				CODE_SIGN_ENTITLEMENTS = "Hippocampus (iOS).entitlements";
				CODE_SIGN_STYLE = Automatic;
				CURRENT_PROJECT_VERSION = 2;
				DEVELOPMENT_TEAM = 6Z37VA2PZL;
				ENABLE_PREVIEWS = YES;
				GENERATE_INFOPLIST_FILE = YES;
				INFOPLIST_FILE = "Hippocampus--iOS--Info.plist";
				INFOPLIST_KEY_LSSupportsOpeningDocumentsInPlace = YES;
				INFOPLIST_KEY_UIApplicationSceneManifest_Generation = YES;
				INFOPLIST_KEY_UIApplicationSupportsIndirectInputEvents = YES;
				INFOPLIST_KEY_UILaunchScreen_Generation = YES;
				INFOPLIST_KEY_UISupportedInterfaceOrientations_iPad = "UIInterfaceOrientationPortrait UIInterfaceOrientationPortraitUpsideDown UIInterfaceOrientationLandscapeLeft UIInterfaceOrientationLandscapeRight";
				INFOPLIST_KEY_UISupportedInterfaceOrientations_iPhone = "UIInterfaceOrientationPortrait UIInterfaceOrientationLandscapeLeft UIInterfaceOrientationLandscapeRight";
				IPHONEOS_DEPLOYMENT_TARGET = 15.5;
				LD_RUNPATH_SEARCH_PATHS = (
					"$(inherited)",
					"@executable_path/Frameworks",
				);
				MARKETING_VERSION = 1.0;
				PRODUCT_BUNDLE_IDENTIFIER = de.kuehnerleben.Hippocampus;
				PRODUCT_NAME = Hippocampus;
				SDKROOT = iphoneos;
				SWIFT_EMIT_LOC_STRINGS = YES;
				SWIFT_VERSION = 5.0;
				TARGETED_DEVICE_FAMILY = "1,2";
			};
			name = Debug;
		};
		C54BE4BB2894866C0060A066 /* Release */ = {
			isa = XCBuildConfiguration;
			buildSettings = {
				ASSETCATALOG_COMPILER_APPICON_NAME = AppIcon;
				ASSETCATALOG_COMPILER_GLOBAL_ACCENT_COLOR_NAME = AccentColor;
				CODE_SIGN_ENTITLEMENTS = "Hippocampus (iOS).entitlements";
				CODE_SIGN_STYLE = Automatic;
				CURRENT_PROJECT_VERSION = 2;
				DEVELOPMENT_TEAM = 6Z37VA2PZL;
				ENABLE_PREVIEWS = YES;
				GENERATE_INFOPLIST_FILE = YES;
				INFOPLIST_FILE = "Hippocampus--iOS--Info.plist";
				INFOPLIST_KEY_LSSupportsOpeningDocumentsInPlace = YES;
				INFOPLIST_KEY_UIApplicationSceneManifest_Generation = YES;
				INFOPLIST_KEY_UIApplicationSupportsIndirectInputEvents = YES;
				INFOPLIST_KEY_UILaunchScreen_Generation = YES;
				INFOPLIST_KEY_UISupportedInterfaceOrientations_iPad = "UIInterfaceOrientationPortrait UIInterfaceOrientationPortraitUpsideDown UIInterfaceOrientationLandscapeLeft UIInterfaceOrientationLandscapeRight";
				INFOPLIST_KEY_UISupportedInterfaceOrientations_iPhone = "UIInterfaceOrientationPortrait UIInterfaceOrientationLandscapeLeft UIInterfaceOrientationLandscapeRight";
				IPHONEOS_DEPLOYMENT_TARGET = 15.5;
				LD_RUNPATH_SEARCH_PATHS = (
					"$(inherited)",
					"@executable_path/Frameworks",
				);
				MARKETING_VERSION = 1.0;
				PRODUCT_BUNDLE_IDENTIFIER = de.kuehnerleben.Hippocampus;
				PRODUCT_NAME = Hippocampus;
				SDKROOT = iphoneos;
				SWIFT_EMIT_LOC_STRINGS = YES;
				SWIFT_VERSION = 5.0;
				TARGETED_DEVICE_FAMILY = "1,2";
				VALIDATE_PRODUCT = YES;
			};
			name = Release;
		};
		C54BE4BD2894866C0060A066 /* Debug */ = {
			isa = XCBuildConfiguration;
			buildSettings = {
				ASSETCATALOG_COMPILER_APPICON_NAME = AppIcon;
				ASSETCATALOG_COMPILER_GLOBAL_ACCENT_COLOR_NAME = AccentColor;
				CODE_SIGN_ENTITLEMENTS = macOS/macOS.entitlements;
				CODE_SIGN_STYLE = Automatic;
				COMBINE_HIDPI_IMAGES = YES;
				CURRENT_PROJECT_VERSION = 3;
				DEVELOPMENT_TEAM = 6Z37VA2PZL;
				ENABLE_HARDENED_RUNTIME = YES;
				ENABLE_PREVIEWS = YES;
				GENERATE_INFOPLIST_FILE = YES;
				INFOPLIST_FILE = "Hippocampus--macOS--Info.plist";
				INFOPLIST_KEY_LSSupportsOpeningDocumentsInPlace = YES;
				INFOPLIST_KEY_NSHumanReadableCopyright = "";
				LD_RUNPATH_SEARCH_PATHS = (
					"$(inherited)",
					"@executable_path/../Frameworks",
				);
				MACOSX_DEPLOYMENT_TARGET = 12.3;
				MARKETING_VERSION = 1.0;
				PRODUCT_BUNDLE_IDENTIFIER = de.kuehnerleben.Hippocampus;
				PRODUCT_NAME = Hippocampus;
				SDKROOT = macosx;
				SWIFT_EMIT_LOC_STRINGS = YES;
				SWIFT_VERSION = 5.0;
			};
			name = Debug;
		};
		C54BE4BE2894866C0060A066 /* Release */ = {
			isa = XCBuildConfiguration;
			buildSettings = {
				ASSETCATALOG_COMPILER_APPICON_NAME = AppIcon;
				ASSETCATALOG_COMPILER_GLOBAL_ACCENT_COLOR_NAME = AccentColor;
				CODE_SIGN_ENTITLEMENTS = macOS/macOS.entitlements;
				CODE_SIGN_STYLE = Automatic;
				COMBINE_HIDPI_IMAGES = YES;
				CURRENT_PROJECT_VERSION = 3;
				DEVELOPMENT_TEAM = 6Z37VA2PZL;
				ENABLE_HARDENED_RUNTIME = YES;
				ENABLE_PREVIEWS = YES;
				GENERATE_INFOPLIST_FILE = YES;
				INFOPLIST_FILE = "Hippocampus--macOS--Info.plist";
				INFOPLIST_KEY_LSSupportsOpeningDocumentsInPlace = YES;
				INFOPLIST_KEY_NSHumanReadableCopyright = "";
				LD_RUNPATH_SEARCH_PATHS = (
					"$(inherited)",
					"@executable_path/../Frameworks",
				);
				MACOSX_DEPLOYMENT_TARGET = 12.3;
				MARKETING_VERSION = 1.0;
				PRODUCT_BUNDLE_IDENTIFIER = de.kuehnerleben.Hippocampus;
				PRODUCT_NAME = Hippocampus;
				SDKROOT = macosx;
				SWIFT_EMIT_LOC_STRINGS = YES;
				SWIFT_VERSION = 5.0;
			};
			name = Release;
		};
/* End XCBuildConfiguration section */

/* Begin XCConfigurationList section */
		C54BE49F289486690060A066 /* Build configuration list for PBXProject "Hippocampus" */ = {
			isa = XCConfigurationList;
			buildConfigurations = (
				C54BE4B72894866C0060A066 /* Debug */,
				C54BE4B82894866C0060A066 /* Release */,
			);
			defaultConfigurationIsVisible = 0;
			defaultConfigurationName = Release;
		};
		C54BE4B92894866C0060A066 /* Build configuration list for PBXNativeTarget "Hippocampus (iOS)" */ = {
			isa = XCConfigurationList;
			buildConfigurations = (
				C54BE4BA2894866C0060A066 /* Debug */,
				C54BE4BB2894866C0060A066 /* Release */,
			);
			defaultConfigurationIsVisible = 0;
			defaultConfigurationName = Release;
		};
		C54BE4BC2894866C0060A066 /* Build configuration list for PBXNativeTarget "Hippocampus (macOS)" */ = {
			isa = XCConfigurationList;
			buildConfigurations = (
				C54BE4BD2894866C0060A066 /* Debug */,
				C54BE4BE2894866C0060A066 /* Release */,
			);
			defaultConfigurationIsVisible = 0;
			defaultConfigurationName = Release;
		};
/* End XCConfigurationList section */
	};
	rootObject = C54BE49C289486690060A066 /* Project object */;
}
